<?xml version="1.0" encoding="UTF-8" standalone="yes" ?>
<CodeBlocks_project_file>
	<FileVersion major="1" minor="6" />
	<Project>
		<Option title="DxBorks" />
		<Option makefile_is_custom="1" />
		<Option pch_mode="2" />
		<Option compiler="gcc" />
		<Build>
			<Target title="Debug">
				<Option output="bin/Debug/DxBorks" prefix_auto="1" extension_auto="1" />
				<Option object_output="obj/Debug/" />
				<Option type="1" />
				<Option compiler="gcc" />
				<Compiler>
					<Add option="-g" />
				</Compiler>
			</Target>
			<Target title="Release">
				<Option output="bin/Release/DxBorks" prefix_auto="1" extension_auto="1" />
				<Option object_output="obj/Release/" />
				<Option type="1" />
				<Option compiler="gcc" />
				<Compiler>
					<Add option="-O2" />
				</Compiler>
				<Linker>
					<Add option="-s" />
				</Linker>
			</Target>
		</Build>
		<Compiler>
			<Add option="-Wall" />
		</Compiler>
		<Unit filename="DxBorks.depend" />
		<Unit filename="DxBorks.layout" />
		<Unit filename="LICENSE" />
		<Unit filename="Makefile" />
		<Unit filename="README.md" />
		<Unit filename="bin/dxborks-i386.iso" />
		<Unit filename="bin/isofiles/boot/dxborks.bin" />
		<Unit filename="bin/isofiles/boot/grub/grub.cfg" />
		<Unit filename="bin/obj/asm_boot.o" />
		<Unit filename="bin/obj/asm_io.o" />
		<Unit filename="bin/obj/asm_kb.o" />
		<Unit filename="bin/obj/idt.o" />
		<Unit filename="bin/obj/kb.o" />
		<Unit filename="bin/obj/main.o" />
		<Unit filename="bin/obj/memcpy.o" />
		<Unit filename="bin/obj/memset.o" />
		<Unit filename="bin/obj/panic.o" />
		<Unit filename="bin/obj/readme.md" />
		<Unit filename="bin/obj/serial.o" />
		<Unit filename="bin/obj/tty.o" />
		<Unit filename="bin/obj/vm.o" />
		<Unit filename="documentation.odt" />
		<Unit filename="kernel/arch/i386/boot/boot.s" />
		<Unit filename="kernel/arch/i386/idt.c">
			<Option compilerVar="CC" />
		</Unit>
		<Unit filename="kernel/arch/i386/idt.o" />
		<Unit filename="kernel/arch/i386/io.s" />
		<Unit filename="kernel/arch/i386/kb.c">
			<Option compilerVar="CC" />
		</Unit>
		<Unit filename="kernel/arch/i386/kb.o" />
		<Unit filename="kernel/arch/i386/kb.s" />
		<Unit filename="kernel/arch/i386/libk/memcpy.c">
			<Option compilerVar="CC" />
		</Unit>
		<Unit filename="kernel/arch/i386/libk/memcpy.o" />
		<Unit filename="kernel/arch/i386/libk/memset.c">
			<Option compilerVar="CC" />
		</Unit>
		<Unit filename="kernel/arch/i386/libk/memset.o" />
		<Unit filename="kernel/arch/i386/linker.ld" />
		<Unit filename="kernel/arch/i386/main.c">
			<Option compilerVar="CC" />
		</Unit>
		<Unit filename="kernel/arch/i386/main.o" />
		<Unit filename="kernel/arch/i386/math/exp.c">
			<Option compilerVar="CC" />
		</Unit>
		<Unit filename="kernel/arch/i386/math/fact.c">
			<Option compilerVar="CC" />
		</Unit>
		<Unit filename="kernel/arch/i386/math/pow.c">
			<Option compilerVar="CC" />
		</Unit>
		<Unit filename="kernel/arch/i386/panic.c">
			<Option compilerVar="CC" />
		</Unit>
		<Unit filename="kernel/arch/i386/panic.o" />
		<Unit filename="kernel/arch/i386/self_test.c">
			<Option compilerVar="CC" />
		</Unit>
		<Unit filename="kernel/arch/i386/serial.c">
			<Option compilerVar="CC" />
		</Unit>
		<Unit filename="kernel/arch/i386/serial.o" />
		<Unit filename="kernel/arch/i386/tty.c">
			<Option compilerVar="CC" />
		</Unit>
		<Unit filename="kernel/arch/i386/vm/dumpmem.c">
			<Option compilerVar="CC" />
		</Unit>
		<Unit filename="kernel/arch/i386/vm/load.c">
			<Option compilerVar="CC" />
		</Unit>
		<Unit filename="kernel/arch/i386/vm/op/add.c">
			<Option compilerVar="CC" />
		</Unit>
		<Unit filename="kernel/arch/i386/vm/op/and.c">
			<Option compilerVar="CC" />
		</Unit>
		<Unit filename="kernel/arch/i386/vm/op/loada.c">
			<Option compilerVar="CC" />
		</Unit>
		<Unit filename="kernel/arch/i386/vm/op/loadb.c">
			<Option compilerVar="CC" />
		</Unit>
		<Unit filename="kernel/arch/i386/vm/op/loadc.c">
			<Option compilerVar="CC" />
		</Unit>
		<Unit filename="kernel/arch/i386/vm/op/loadd.c">
			<Option compilerVar="CC" />
		</Unit>
		<Unit filename="kernel/arch/i386/vm/op/lshift.c">
			<Option compilerVar="CC" />
		</Unit>
		<Unit filename="kernel/arch/i386/vm/op/nop.c">
			<Option compilerVar="CC" />
		</Unit>
		<Unit filename="kernel/arch/i386/vm/op/not.c">
			<Option compilerVar="CC" />
		</Unit>
		<Unit filename="kernel/arch/i386/vm/op/or.c">
			<Option compilerVar="CC" />
		</Unit>
		<Unit filename="kernel/arch/i386/vm/op/popa.c">
			<Option compilerVar="CC" />
		</Unit>
		<Unit filename="kernel/arch/i386/vm/op/popb.c">
			<Option compilerVar="CC" />
		</Unit>
		<Unit filename="kernel/arch/i386/vm/op/popc.c">
			<Option compilerVar="CC" />
		</Unit>
		<Unit filename="kernel/arch/i386/vm/op/popd.c">
			<Option compilerVar="CC" />
		</Unit>
		<Unit filename="kernel/arch/i386/vm/op/push.c">
			<Option compilerVar="CC" />
		</Unit>
		<Unit filename="kernel/arch/i386/vm/op/pusha.c">
			<Option compilerVar="CC" />
		</Unit>
		<Unit filename="kernel/arch/i386/vm/op/pushb.c">
			<Option compilerVar="CC" />
		</Unit>
		<Unit filename="kernel/arch/i386/vm/op/pushc.c">
			<Option compilerVar="CC" />
		</Unit>
		<Unit filename="kernel/arch/i386/vm/op/pushd.c">
			<Option compilerVar="CC" />
		</Unit>
		<Unit filename="kernel/arch/i386/vm/op/rshift.c">
			<Option compilerVar="CC" />
		</Unit>
		<Unit filename="kernel/arch/i386/vm/op/sub.c">
			<Option compilerVar="CC" />
		</Unit>
		<Unit filename="kernel/arch/i386/vm/op/xor.c">
			<Option compilerVar="CC" />
		</Unit>
		<Unit filename="kernel/include/ascii.h" />
		<Unit filename="kernel/include/kernel/asm.h" />
		<Unit filename="kernel/include/kernel/def.h" />
		<Unit filename="kernel/include/kernel/idt.h" />
		<Unit filename="kernel/include/kernel/kb.h" />
		<Unit filename="kernel/include/kernel/main.h" />
		<Unit filename="kernel/include/kernel/panic.h" />
		<Unit filename="kernel/include/kernel/serial.h" />
		<Unit filename="kernel/include/kernel/tty.h" />
		<Unit filename="kernel/include/kernel/vm/vm.h" />
		<Unit filename="kernel/include/keymap.h" />
		<Unit filename="kernel/include/libk/bool.h" />
		<Unit filename="kernel/include/libk/ctype.h" />
		<Unit filename="kernel/include/libk/libk.h" />
		<Unit filename="kernel/include/libk/null.h" />
		<Unit filename="kernel/include/libk/size_t.h" />
		<Unit filename="kernel/include/libk/stdarg.h" />
		<Unit filename="kernel/include/libk/stdint.h" />
		<Unit filename="kernel/include/libk/va_list.h" />
		<Unit filename="kernel/include/math/exp.h" />
		<Unit filename="kernel/include/math/fact.h" />
		<Unit filename="kernel/include/math/math.h" />
		<Unit filename="kernel/include/math/pow.h" />
		<Unit filename="kernel/include/vga.h" />
		<Extensions>
			<code_completion />
			<envvars />
			<debugger />
			<lib_finder disable_auto="1" />
		</Extensions>
	</Project>
</CodeBlocks_project_file>
